Microsoft Visual Studio Solution File, Format Version 12.00
# Visual Studio Version 17
VisualStudioVersion = 17.13.35931.197
MinimumVisualStudioVersion = 10.0.40219.1
Project("{FAE04EC0-301F-11D3-BF4B-00C04F79EFBC}") = "EcommerceServices.AppHost", "src\EcommerceServices.AppHost\EcommerceServices.AppHost.csproj", "{5282EC44-912E-422B-1093-7BD5C6F96809}"
EndProject
Project("{2150E333-8FDC-42A3-9474-1A3956D46DE8}") = "CartService", "CartService", "{02EA681E-C7D8-13C7-8484-4AC65E1B71E8}"
EndProject
Project("{2150E333-8FDC-42A3-9474-1A3956D46DE8}") = "CatalogService", "CatalogService", "{E9F4215D-3AC4-4A26-B8C8-A59D90A69000}"
EndProject
Project("{FAE04EC0-301F-11D3-BF4B-00C04F79EFBC}") = "CartService.Application", "src\CartService\CartService.Application\CartService.Application.csproj", "{31FBE79F-9F54-4AB0-AA1A-EEA35D8F1B11}"
EndProject
Project("{FAE04EC0-301F-11D3-BF4B-00C04F79EFBC}") = "CartService.Infrastructure", "src\CartService\CartService.Infrastructure\CartService.Infrastructure.csproj", "{BB69D863-3D73-479D-A657-BC142F9C2FB1}"
EndProject
Project("{FAE04EC0-301F-11D3-BF4B-00C04F79EFBC}") = "EcommerceServices.Shared", "src\EcommerceServices.Shared\EcommerceServices.Shared.csproj", "{011AA8DB-CC5B-5A7D-3DC2-50E97FD9FD79}"
EndProject
Project("{FAE04EC0-301F-11D3-BF4B-00C04F79EFBC}") = "CartService.Domain", "src\CartService\CartService.Domain\CartService.Domain.csproj", "{8ADE0CFF-6D18-B0CF-FA60-095080556AFF}"
EndProject
Project("{FAE04EC0-301F-11D3-BF4B-00C04F79EFBC}") = "CartService.Api", "src\CartService\CartService.Api\CartService.Api.csproj", "{6E5B7FFA-85FC-E318-1A31-2E2AC5CED66B}"
EndProject
Project("{FAE04EC0-301F-11D3-BF4B-00C04F79EFBC}") = "CatalogService.Api", "src\CatalogService\CatalogService.Api\CatalogService.Api.csproj", "{AB09E414-6250-26E6-8008-8297350C0F23}"
EndProject
Project("{FAE04EC0-301F-11D3-BF4B-00C04F79EFBC}") = "CatalogService.Application", "src\CatalogService\CatalogService.Application\CatalogService.Application.csproj", "{284914A0-A485-0DC4-95DF-B14FED486ED8}"
EndProject
Project("{FAE04EC0-301F-11D3-BF4B-00C04F79EFBC}") = "CatalogService.Domain", "src\CatalogService\CatalogService.Domain\CatalogService.Domain.csproj", "{D2BFE557-2D45-48EC-0B2A-4B64807C791E}"
EndProject
Project("{FAE04EC0-301F-11D3-BF4B-00C04F79EFBC}") = "CatalogService.Infrastructure", "src\CatalogService\CatalogService.Infrastructure\CatalogService.Infrastructure.csproj", "{8179B934-9ECF-B09C-2C35-300B346D25C9}"
EndProject
Project("{2150E333-8FDC-42A3-9474-1A3956D46DE8}") = "Tests", "Tests", "{2072A6BB-CB08-4075-BA43-5A87F735C20C}"
EndProject
Project("{2150E333-8FDC-42A3-9474-1A3956D46DE8}") = "CatalogServiceTests", "CatalogServiceTests", "{842183A4-3717-4E93-949F-30F27646BF1F}"
EndProject
Project("{2150E333-8FDC-42A3-9474-1A3956D46DE8}") = "CartServiceTests", "CartServiceTests", "{6BA201CC-D029-4F1B-94CA-91D629D14170}"
EndProject
Project("{FAE04EC0-301F-11D3-BF4B-00C04F79EFBC}") = "CartService.Unit.Tests", "tests\CartTests\CartService.Unit.Tests\CartService.Unit.Tests.csproj", "{91111D54-87B9-1B8E-71CD-D27200630FC6}"
EndProject
Project("{FAE04EC0-301F-11D3-BF4B-00C04F79EFBC}") = "CatalogService.Integration.Tests", "tests\CatalogTests\CatalogService.IntegrationTests\CatalogService.Integration.Tests.csproj", "{79B98389-0350-8E05-8CE9-C269E7D33D01}"
EndProject
Project("{FAE04EC0-301F-11D3-BF4B-00C04F79EFBC}") = "CatalogService.Unit.Tests", "tests\CatalogTests\CatalogService.Unit.Tests\CatalogService.Unit.Tests.csproj", "{ED2415FC-A1BB-1EDE-D784-D2C23B4BA330}"
EndProject
Global
	GlobalSection(SolutionConfigurationPlatforms) = preSolution
		Debug|Any CPU = Debug|Any CPU
		Release|Any CPU = Release|Any CPU
	EndGlobalSection
	GlobalSection(ProjectConfigurationPlatforms) = postSolution
		{5282EC44-912E-422B-1093-7BD5C6F96809}.Debug|Any CPU.ActiveCfg = Debug|Any CPU
		{5282EC44-912E-422B-1093-7BD5C6F96809}.Debug|Any CPU.Build.0 = Debug|Any CPU
		{5282EC44-912E-422B-1093-7BD5C6F96809}.Release|Any CPU.ActiveCfg = Release|Any CPU
		{5282EC44-912E-422B-1093-7BD5C6F96809}.Release|Any CPU.Build.0 = Release|Any CPU
		{31FBE79F-9F54-4AB0-AA1A-EEA35D8F1B11}.Debug|Any CPU.ActiveCfg = Debug|Any CPU
		{31FBE79F-9F54-4AB0-AA1A-EEA35D8F1B11}.Debug|Any CPU.Build.0 = Debug|Any CPU
		{31FBE79F-9F54-4AB0-AA1A-EEA35D8F1B11}.Release|Any CPU.ActiveCfg = Release|Any CPU
		{31FBE79F-9F54-4AB0-AA1A-EEA35D8F1B11}.Release|Any CPU.Build.0 = Release|Any CPU
		{BB69D863-3D73-479D-A657-BC142F9C2FB1}.Debug|Any CPU.ActiveCfg = Debug|Any CPU
		{BB69D863-3D73-479D-A657-BC142F9C2FB1}.Debug|Any CPU.Build.0 = Debug|Any CPU
		{BB69D863-3D73-479D-A657-BC142F9C2FB1}.Release|Any CPU.ActiveCfg = Release|Any CPU
		{BB69D863-3D73-479D-A657-BC142F9C2FB1}.Release|Any CPU.Build.0 = Release|Any CPU
		{011AA8DB-CC5B-5A7D-3DC2-50E97FD9FD79}.Debug|Any CPU.ActiveCfg = Debug|Any CPU
		{011AA8DB-CC5B-5A7D-3DC2-50E97FD9FD79}.Debug|Any CPU.Build.0 = Debug|Any CPU
		{011AA8DB-CC5B-5A7D-3DC2-50E97FD9FD79}.Release|Any CPU.ActiveCfg = Release|Any CPU
		{011AA8DB-CC5B-5A7D-3DC2-50E97FD9FD79}.Release|Any CPU.Build.0 = Release|Any CPU
		{8ADE0CFF-6D18-B0CF-FA60-095080556AFF}.Debug|Any CPU.ActiveCfg = Debug|Any CPU
		{8ADE0CFF-6D18-B0CF-FA60-095080556AFF}.Debug|Any CPU.Build.0 = Debug|Any CPU
		{8ADE0CFF-6D18-B0CF-FA60-095080556AFF}.Release|Any CPU.ActiveCfg = Release|Any CPU
		{8ADE0CFF-6D18-B0CF-FA60-095080556AFF}.Release|Any CPU.Build.0 = Release|Any CPU
		{6E5B7FFA-85FC-E318-1A31-2E2AC5CED66B}.Debug|Any CPU.ActiveCfg = Debug|Any CPU
		{6E5B7FFA-85FC-E318-1A31-2E2AC5CED66B}.Debug|Any CPU.Build.0 = Debug|Any CPU
		{6E5B7FFA-85FC-E318-1A31-2E2AC5CED66B}.Release|Any CPU.ActiveCfg = Release|Any CPU
		{6E5B7FFA-85FC-E318-1A31-2E2AC5CED66B}.Release|Any CPU.Build.0 = Release|Any CPU
		{AB09E414-6250-26E6-8008-8297350C0F23}.Debug|Any CPU.ActiveCfg = Debug|Any CPU
		{AB09E414-6250-26E6-8008-8297350C0F23}.Debug|Any CPU.Build.0 = Debug|Any CPU
		{AB09E414-6250-26E6-8008-8297350C0F23}.Release|Any CPU.ActiveCfg = Release|Any CPU
		{AB09E414-6250-26E6-8008-8297350C0F23}.Release|Any CPU.Build.0 = Release|Any CPU
		{284914A0-A485-0DC4-95DF-B14FED486ED8}.Debug|Any CPU.ActiveCfg = Debug|Any CPU
		{284914A0-A485-0DC4-95DF-B14FED486ED8}.Debug|Any CPU.Build.0 = Debug|Any CPU
		{284914A0-A485-0DC4-95DF-B14FED486ED8}.Release|Any CPU.ActiveCfg = Release|Any CPU
		{284914A0-A485-0DC4-95DF-B14FED486ED8}.Release|Any CPU.Build.0 = Release|Any CPU
		{D2BFE557-2D45-48EC-0B2A-4B64807C791E}.Debug|Any CPU.ActiveCfg = Debug|Any CPU
		{D2BFE557-2D45-48EC-0B2A-4B64807C791E}.Debug|Any CPU.Build.0 = Debug|Any CPU
		{D2BFE557-2D45-48EC-0B2A-4B64807C791E}.Release|Any CPU.ActiveCfg = Release|Any CPU
		{D2BFE557-2D45-48EC-0B2A-4B64807C791E}.Release|Any CPU.Build.0 = Release|Any CPU
		{8179B934-9ECF-B09C-2C35-300B346D25C9}.Debug|Any CPU.ActiveCfg = Debug|Any CPU
		{8179B934-9ECF-B09C-2C35-300B346D25C9}.Debug|Any CPU.Build.0 = Debug|Any CPU
		{8179B934-9ECF-B09C-2C35-300B346D25C9}.Release|Any CPU.ActiveCfg = Release|Any CPU
		{8179B934-9ECF-B09C-2C35-300B346D25C9}.Release|Any CPU.Build.0 = Release|Any CPU
		{91111D54-87B9-1B8E-71CD-D27200630FC6}.Debug|Any CPU.ActiveCfg = Debug|Any CPU
		{91111D54-87B9-1B8E-71CD-D27200630FC6}.Debug|Any CPU.Build.0 = Debug|Any CPU
		{91111D54-87B9-1B8E-71CD-D27200630FC6}.Release|Any CPU.ActiveCfg = Release|Any CPU
		{91111D54-87B9-1B8E-71CD-D27200630FC6}.Release|Any CPU.Build.0 = Release|Any CPU
		{79B98389-0350-8E05-8CE9-C269E7D33D01}.Debug|Any CPU.ActiveCfg = Debug|Any CPU
		{79B98389-0350-8E05-8CE9-C269E7D33D01}.Debug|Any CPU.Build.0 = Debug|Any CPU
		{79B98389-0350-8E05-8CE9-C269E7D33D01}.Release|Any CPU.ActiveCfg = Release|Any CPU
		{79B98389-0350-8E05-8CE9-C269E7D33D01}.Release|Any CPU.Build.0 = Release|Any CPU
		{ED2415FC-A1BB-1EDE-D784-D2C23B4BA330}.Debug|Any CPU.ActiveCfg = Debug|Any CPU
		{ED2415FC-A1BB-1EDE-D784-D2C23B4BA330}.Debug|Any CPU.Build.0 = Debug|Any CPU
		{ED2415FC-A1BB-1EDE-D784-D2C23B4BA330}.Release|Any CPU.ActiveCfg = Release|Any CPU
		{ED2415FC-A1BB-1EDE-D784-D2C23B4BA330}.Release|Any CPU.Build.0 = Release|Any CPU
	EndGlobalSection
	GlobalSection(SolutionProperties) = preSolution
		HideSolutionNode = FALSE
	EndGlobalSection
	GlobalSection(NestedProjects) = preSolution
		{31FBE79F-9F54-4AB0-AA1A-EEA35D8F1B11} = {02EA681E-C7D8-13C7-8484-4AC65E1B71E8}
		{BB69D863-3D73-479D-A657-BC142F9C2FB1} = {02EA681E-C7D8-13C7-8484-4AC65E1B71E8}
		{8ADE0CFF-6D18-B0CF-FA60-095080556AFF} = {02EA681E-C7D8-13C7-8484-4AC65E1B71E8}
		{6E5B7FFA-85FC-E318-1A31-2E2AC5CED66B} = {02EA681E-C7D8-13C7-8484-4AC65E1B71E8}
		{AB09E414-6250-26E6-8008-8297350C0F23} = {E9F4215D-3AC4-4A26-B8C8-A59D90A69000}
		{284914A0-A485-0DC4-95DF-B14FED486ED8} = {E9F4215D-3AC4-4A26-B8C8-A59D90A69000}
		{D2BFE557-2D45-48EC-0B2A-4B64807C791E} = {E9F4215D-3AC4-4A26-B8C8-A59D90A69000}
		{8179B934-9ECF-B09C-2C35-300B346D25C9} = {E9F4215D-3AC4-4A26-B8C8-A59D90A69000}
		{842183A4-3717-4E93-949F-30F27646BF1F} = {2072A6BB-CB08-4075-BA43-5A87F735C20C}
		{6BA201CC-D029-4F1B-94CA-91D629D14170} = {2072A6BB-CB08-4075-BA43-5A87F735C20C}
		{91111D54-87B9-1B8E-71CD-D27200630FC6} = {6BA201CC-D029-4F1B-94CA-91D629D14170}
		{79B98389-0350-8E05-8CE9-C269E7D33D01} = {842183A4-3717-4E93-949F-30F27646BF1F}
		{ED2415FC-A1BB-1EDE-D784-D2C23B4BA330} = {842183A4-3717-4E93-949F-30F27646BF1F}
	EndGlobalSection
	GlobalSection(ExtensibilityGlobals) = postSolution
		SolutionGuid = {C73410C4-E40E-4CF3-B3AB-5BA6ED71E7D2}
	EndGlobalSection
EndGlobal
